
Microsoft Visual Studio Solution File, Format Version 12.00
# Visual Studio Version 17
VisualStudioVersion = 17.5.002.0
MinimumVisualStudioVersion = 10.0.40219.1
Project("{9A19103F-16F7-4668-BE54-9A1E7A4F7556}") = "NomeDoProjeto", "NomeDoProjeto.csproj", "{ADB89D78-8456-4765-A932-C2C4A885BE01}"
EndProject
Global
	GlobalSection(SolutionConfigurationPlatforms) = preSolution
		Debug|Any CPU = Debug|Any CPU
		Release|Any CPU = Release|Any CPU
	EndGlobalSection
	GlobalSection(ProjectConfigurationPlatforms) = postSolution
		{ADB89D78-8456-4765-A932-C2C4A885BE01}.Debug|Any CPU.ActiveCfg = Debug|Any CPU
		{ADB89D78-8456-4765-A932-C2C4A885BE01}.Debug|Any CPU.Build.0 = Debug|Any CPU
		{ADB89D78-8456-4765-A932-C2C4A885BE01}.Release|Any CPU.ActiveCfg = Release|Any CPU
		{ADB89D78-8456-4765-A932-C2C4A885BE01}.Release|Any CPU.Build.0 = Release|Any CPU
	EndGlobalSection
	GlobalSection(SolutionProperties) = preSolution
		HideSolutionNode = FALSE
	EndGlobalSection
	GlobalSection(ExtensibilityGlobals) = postSolution
		SolutionGuid = {277B07CC-E72B-4425-8E22-86F4267C8AC7}
	EndGlobalSection
EndGlobal
